# This file is automatically @generated by Cargo.
# It is not intended for manual editing.
version = 3

[[package]]
name = "addr2line"
version = "0.21.0"
source = "registry+https://github.com/rust-lang/crates.io-index"
checksum = "8a30b2e23b9e17a9f90641c7ab1549cd9b44f296d3ccbf309d2863cfe398a0cb"
dependencies = [
 "gimli",
]

[[package]]
name = "adler"
version = "1.0.2"
source = "registry+https://github.com/rust-lang/crates.io-index"
checksum = "f26201604c87b1e01bd3d98f8d5d9a8fcbb815e8cedb41ffccbeb4bf593a35fe"

[[package]]
name = "aho-corasick"
version = "1.1.2"
source = "registry+https://github.com/rust-lang/crates.io-index"
checksum = "b2969dcb958b36655471fc61f7e416fa76033bdd4bfed0678d8fee1e2d07a1f0"
dependencies = [
 "memchr",
]

[[package]]
name = "askama"
version = "0.12.1"
source = "registry+https://github.com/rust-lang/crates.io-index"
checksum = "b79091df18a97caea757e28cd2d5fda49c6cd4bd01ddffd7ff01ace0c0ad2c28"
dependencies = [
 "askama_derive",
 "askama_escape",
 "humansize",
 "num-traits",
 "percent-encoding",
]

[[package]]
name = "askama_derive"
version = "0.12.5"
source = "registry+https://github.com/rust-lang/crates.io-index"
checksum = "19fe8d6cb13c4714962c072ea496f3392015f0989b1a2847bb4b2d9effd71d83"
dependencies = [
 "askama_parser",
 "basic-toml",
 "mime",
 "mime_guess",
 "proc-macro2",
 "quote",
 "serde",
 "syn",
]

[[package]]
name = "askama_escape"
version = "0.10.3"
source = "registry+https://github.com/rust-lang/crates.io-index"
checksum = "619743e34b5ba4e9703bba34deac3427c72507c7159f5fd030aea8cac0cfe341"

[[package]]
name = "askama_parser"
version = "0.2.1"
source = "registry+https://github.com/rust-lang/crates.io-index"
checksum = "acb1161c6b64d1c3d83108213c2a2533a342ac225aabd0bda218278c2ddb00c0"
dependencies = [
 "nom",
]

[[package]]
name = "autocfg"
version = "1.1.0"
source = "registry+https://github.com/rust-lang/crates.io-index"
checksum = "d468802bab17cbc0cc575e9b053f41e72aa36bfa6b7f55e3529ffa43161b97fa"

[[package]]
name = "backtrace"
version = "0.3.69"
source = "registry+https://github.com/rust-lang/crates.io-index"
checksum = "2089b7e3f35b9dd2d0ed921ead4f6d318c27680d4a5bd167b3ee120edb105837"
dependencies = [
 "addr2line",
 "cc",
 "cfg-if",
 "libc",
 "miniz_oxide",
 "object",
 "rustc-demangle",
]

[[package]]
name = "basic-toml"
version = "0.1.8"
source = "registry+https://github.com/rust-lang/crates.io-index"
checksum = "2db21524cad41c5591204d22d75e1970a2d1f71060214ca931dc7d5afe2c14e5"
dependencies = [
 "serde",
]

[[package]]
name = "bitflags"
version = "1.3.2"
source = "registry+https://github.com/rust-lang/crates.io-index"
checksum = "bef38d45163c2f1dde094a7dfd33ccf595c92905c8f8f4fdc18d06fb1037718a"

[[package]]
name = "bitflags"
version = "2.4.2"
source = "registry+https://github.com/rust-lang/crates.io-index"
checksum = "ed570934406eb16438a4e976b1b4500774099c13b8cb96eec99f620f05090ddf"

[[package]]
name = "bpaf"
version = "0.9.9"
source = "registry+https://github.com/rust-lang/crates.io-index"
checksum = "edc932b40b31d9bea0196f54c5b1b721b9aff3882fc08d9fe4082970c7e94d3d"
dependencies = [
 "bpaf_derive",
 "owo-colors 4.0.0",
 "supports-color",
]

[[package]]
name = "bpaf_derive"
version = "0.5.7"
source = "registry+https://github.com/rust-lang/crates.io-index"
checksum = "efeab2975f8102de445dcf898856a638332403c50216144653a89aec22fd79e0"
dependencies = [
 "proc-macro2",
 "quote",
 "syn",
]

[[package]]
name = "cc"
version = "1.0.83"
source = "registry+https://github.com/rust-lang/crates.io-index"
checksum = "f1174fb0b6ec23863f8b971027804a42614e347eafb0a95bf0b12cdae21fc4d0"
dependencies = [
 "libc",
]

[[package]]
name = "cfg-if"
version = "1.0.0"
source = "registry+https://github.com/rust-lang/crates.io-index"
checksum = "baf1de4339761588bc0619e3cbc0120ee582ebb74b53b4efbf79117bd2da40fd"

[[package]]
name = "color-eyre"
version = "0.6.2"
source = "registry+https://github.com/rust-lang/crates.io-index"
checksum = "5a667583cca8c4f8436db8de46ea8233c42a7d9ae424a82d338f2e4675229204"
dependencies = [
 "backtrace",
 "eyre",
 "indenter",
 "once_cell",
 "owo-colors 3.5.0",
]

[[package]]
name = "console"
version = "0.15.8"
source = "registry+https://github.com/rust-lang/crates.io-index"
checksum = "0e1f83fc076bd6dd27517eacdf25fef6c4dfe5f1d7448bafaaf3a26f13b5e4eb"
dependencies = [
 "encode_unicode",
 "lazy_static",
 "libc",
 "unicode-width",
 "windows-sys",
]

[[package]]
name = "deranged"
version = "0.3.11"
source = "registry+https://github.com/rust-lang/crates.io-index"
checksum = "b42b6fa04a440b495c8b04d0e71b707c585f83cb9cb28cf8cd0d976c315e31b4"
dependencies = [
 "powerfmt",
]

[[package]]
name = "dialoguer"
version = "0.11.0"
source = "registry+https://github.com/rust-lang/crates.io-index"
checksum = "658bce805d770f407bc62102fca7c2c64ceef2fbcb2b8bd19d2765ce093980de"
dependencies = [
 "console",
 "shell-words",
 "tempfile",
 "thiserror",
 "zeroize",
]

[[package]]
name = "encode_unicode"
version = "0.3.6"
source = "registry+https://github.com/rust-lang/crates.io-index"
checksum = "a357d28ed41a50f9c765dbfe56cbc04a64e53e5fc58ba79fbc34c10ef3df831f"

[[package]]
name = "errno"
version = "0.3.8"
source = "registry+https://github.com/rust-lang/crates.io-index"
checksum = "a258e46cdc063eb8519c00b9fc845fc47bcfca4130e2f08e88665ceda8474245"
dependencies = [
 "libc",
 "windows-sys",
]

[[package]]
name = "eyre"
version = "0.6.12"
source = "registry+https://github.com/rust-lang/crates.io-index"
checksum = "7cd915d99f24784cdc19fd37ef22b97e3ff0ae756c7e492e9fbfe897d61e2aec"
dependencies = [
 "indenter",
 "once_cell",
]

[[package]]
name = "fastrand"
version = "2.0.1"
source = "registry+https://github.com/rust-lang/crates.io-index"
checksum = "25cbce373ec4653f1a01a31e8a5e5ec0c622dc27ff9c4e6606eefef5cbbed4a5"

[[package]]
name = "gimli"
version = "0.28.1"
source = "registry+https://github.com/rust-lang/crates.io-index"
checksum = "4271d37baee1b8c7e4b708028c57d816cf9d2434acb33a549475f78c181f6253"

[[package]]
name = "hermit-abi"
version = "0.3.4"
source = "registry+https://github.com/rust-lang/crates.io-index"
checksum = "5d3d0e0f38255e7fa3cf31335b3a56f05febd18025f4db5ef7a0cfb4f8da651f"

[[package]]
name = "humansize"
version = "2.1.3"
source = "registry+https://github.com/rust-lang/crates.io-index"
checksum = "6cb51c9a029ddc91b07a787f1d86b53ccfa49b0e86688c946ebe8d3555685dd7"
dependencies = [
 "libm",
]

[[package]]
name = "indenter"
version = "0.3.3"
source = "registry+https://github.com/rust-lang/crates.io-index"
checksum = "ce23b50ad8242c51a442f3ff322d56b02f08852c77e4c0b4d3fd684abc89c683"

[[package]]
name = "is-terminal"
version = "0.4.10"
source = "registry+https://github.com/rust-lang/crates.io-index"
checksum = "0bad00257d07be169d870ab665980b06cdb366d792ad690bf2e76876dc503455"
dependencies = [
 "hermit-abi",
 "rustix",
 "windows-sys",
]

[[package]]
name = "is_ci"
version = "1.2.0"
source = "registry+https://github.com/rust-lang/crates.io-index"
checksum = "7655c9839580ee829dfacba1d1278c2b7883e50a277ff7541299489d6bdfdc45"

[[package]]
name = "itoa"
version = "1.0.10"
source = "registry+https://github.com/rust-lang/crates.io-index"
checksum = "b1a46d1a171d865aa5f83f92695765caa047a9b4cbae2cbf37dbd613a793fd4c"

[[package]]
name = "lazy_static"
version = "1.4.0"
source = "registry+https://github.com/rust-lang/crates.io-index"
checksum = "e2abad23fbc42b3700f2f279844dc832adb2b2eb069b2df918f455c4e18cc646"

[[package]]
name = "libc"
version = "0.2.153"
source = "registry+https://github.com/rust-lang/crates.io-index"
checksum = "9c198f91728a82281a64e1f4f9eeb25d82cb32a5de251c6bd1b5154d63a8e7bd"

[[package]]
name = "libm"
version = "0.2.8"
source = "registry+https://github.com/rust-lang/crates.io-index"
checksum = "4ec2a862134d2a7d32d7983ddcdd1c4923530833c9f2ea1a44fc5fa473989058"

[[package]]
name = "linux-raw-sys"
version = "0.4.13"
source = "registry+https://github.com/rust-lang/crates.io-index"
checksum = "01cda141df6706de531b6c46c3a33ecca755538219bd484262fa09410c13539c"

[[package]]
name = "log"
version = "0.4.20"
source = "registry+https://github.com/rust-lang/crates.io-index"
checksum = "b5e6163cb8c49088c2c36f57875e58ccd8c87c7427f7fbd50ea6710b2f3f2e8f"

[[package]]
name = "memchr"
version = "2.7.1"
source = "registry+https://github.com/rust-lang/crates.io-index"
checksum = "523dc4f511e55ab87b694dc30d0f820d60906ef06413f93d4d7a1385599cc149"

[[package]]
name = "mime"
version = "0.3.17"
source = "registry+https://github.com/rust-lang/crates.io-index"
checksum = "6877bb514081ee2a7ff5ef9de3281f14a4dd4bceac4c09388074a6b5df8a139a"

[[package]]
name = "mime_guess"
version = "2.0.4"
source = "registry+https://github.com/rust-lang/crates.io-index"
checksum = "4192263c238a5f0d0c6bfd21f336a313a4ce1c450542449ca191bb657b4642ef"
dependencies = [
 "mime",
 "unicase",
]

[[package]]
name = "minimal-lexical"
version = "0.2.1"
source = "registry+https://github.com/rust-lang/crates.io-index"
checksum = "68354c5c6bd36d73ff3feceb05efa59b6acb7626617f4962be322a825e61f79a"

[[package]]
name = "miniz_oxide"
version = "0.7.2"
source = "registry+https://github.com/rust-lang/crates.io-index"
checksum = "9d811f3e15f28568be3407c8e7fdb6514c1cda3cb30683f15b6a1a1dc4ea14a7"
dependencies = [
 "adler",
]

[[package]]
name = "newdoc"
version = "2.15.1"
dependencies = [
 "askama",
 "bpaf",
 "color-eyre",
 "dialoguer",
 "log",
 "regex",
 "simplelog",
 "time",
]

[[package]]
name = "nom"
version = "7.1.3"
source = "registry+https://github.com/rust-lang/crates.io-index"
checksum = "d273983c5a657a70a3e8f2a01329822f3b8c8172b73826411a55751e404a0a4a"
dependencies = [
 "memchr",
 "minimal-lexical",
]

[[package]]
name = "num-conv"
version = "0.1.0"
source = "registry+https://github.com/rust-lang/crates.io-index"
checksum = "51d515d32fb182ee37cda2ccdcb92950d6a3c2893aa280e540671c2cd0f3b1d9"

[[package]]
name = "num-traits"
version = "0.2.17"
source = "registry+https://github.com/rust-lang/crates.io-index"
checksum = "39e3200413f237f41ab11ad6d161bc7239c84dcb631773ccd7de3dfe4b5c267c"
dependencies = [
 "autocfg",
]

[[package]]
name = "num_threads"
version = "0.1.6"
source = "registry+https://github.com/rust-lang/crates.io-index"
checksum = "2819ce041d2ee131036f4fc9d6ae7ae125a3a40e97ba64d04fe799ad9dabbb44"
dependencies = [
 "libc",
]

[[package]]
name = "object"
version = "0.32.2"
source = "registry+https://github.com/rust-lang/crates.io-index"
checksum = "a6a622008b6e321afc04970976f62ee297fdbaa6f95318ca343e3eebb9648441"
dependencies = [
 "memchr",
]

[[package]]
name = "once_cell"
version = "1.19.0"
source = "registry+https://github.com/rust-lang/crates.io-index"
checksum = "3fdb12b2476b595f9358c5161aa467c2438859caa136dec86c26fdd2efe17b92"

[[package]]
name = "owo-colors"
version = "3.5.0"
source = "registry+https://github.com/rust-lang/crates.io-index"
checksum = "c1b04fb49957986fdce4d6ee7a65027d55d4b6d2265e5848bbb507b58ccfdb6f"

[[package]]
name = "owo-colors"
version = "4.0.0"
source = "registry+https://github.com/rust-lang/crates.io-index"
checksum = "caff54706df99d2a78a5a4e3455ff45448d81ef1bb63c22cd14052ca0e993a3f"

[[package]]
name = "percent-encoding"
version = "2.3.1"
source = "registry+https://github.com/rust-lang/crates.io-index"
checksum = "e3148f5046208a5d56bcfc03053e3ca6334e51da8dfb19b6cdc8b306fae3283e"

[[package]]
name = "powerfmt"
version = "0.2.0"
source = "registry+https://github.com/rust-lang/crates.io-index"
checksum = "439ee305def115ba05938db6eb1644ff94165c5ab5e9420d1c1bcedbba909391"

[[package]]
name = "proc-macro2"
version = "1.0.78"
source = "registry+https://github.com/rust-lang/crates.io-index"
checksum = "e2422ad645d89c99f8f3e6b88a9fdeca7fabeac836b1002371c4367c8f984aae"
dependencies = [
 "unicode-ident",
]

[[package]]
name = "quote"
version = "1.0.35"
source = "registry+https://github.com/rust-lang/crates.io-index"
checksum = "291ec9ab5efd934aaf503a6466c5d5251535d108ee747472c3977cc5acc868ef"
dependencies = [
 "proc-macro2",
]

[[package]]
name = "redox_syscall"
version = "0.4.1"
source = "registry+https://github.com/rust-lang/crates.io-index"
checksum = "4722d768eff46b75989dd134e5c353f0d6296e5aaa3132e776cbdb56be7731aa"
dependencies = [
 "bitflags 1.3.2",
]

[[package]]
name = "regex"
version = "1.10.3"
source = "registry+https://github.com/rust-lang/crates.io-index"
checksum = "b62dbe01f0b06f9d8dc7d49e05a0785f153b00b2c227856282f671e0318c9b15"
dependencies = [
 "aho-corasick",
 "memchr",
 "regex-automata",
 "regex-syntax",
]

[[package]]
name = "regex-automata"
version = "0.4.5"
source = "registry+https://github.com/rust-lang/crates.io-index"
checksum = "5bb987efffd3c6d0d8f5f89510bb458559eab11e4f869acb20bf845e016259cd"
dependencies = [
 "aho-corasick",
 "memchr",
 "regex-syntax",
]

[[package]]
name = "regex-syntax"
version = "0.8.2"
source = "registry+https://github.com/rust-lang/crates.io-index"
checksum = "c08c74e62047bb2de4ff487b251e4a92e24f48745648451635cec7d591162d9f"

[[package]]
name = "rustc-demangle"
version = "0.1.23"
source = "registry+https://github.com/rust-lang/crates.io-index"
checksum = "d626bb9dae77e28219937af045c257c28bfd3f69333c512553507f5f9798cb76"

[[package]]
name = "rustix"
version = "0.38.31"
source = "registry+https://github.com/rust-lang/crates.io-index"
checksum = "6ea3e1a662af26cd7a3ba09c0297a31af215563ecf42817c98df621387f4e949"
dependencies = [
 "bitflags 2.4.2",
 "errno",
 "libc",
 "linux-raw-sys",
 "windows-sys",
]

[[package]]
name = "serde"
version = "1.0.196"
source = "registry+https://github.com/rust-lang/crates.io-index"
checksum = "870026e60fa08c69f064aa766c10f10b1d62db9ccd4d0abb206472bee0ce3b32"
dependencies = [
 "serde_derive",
]

[[package]]
name = "serde_derive"
version = "1.0.196"
source = "registry+https://github.com/rust-lang/crates.io-index"
checksum = "33c85360c95e7d137454dc81d9a4ed2b8efd8fbe19cee57357b32b9771fccb67"
dependencies = [
 "proc-macro2",
 "quote",
 "syn",
]

[[package]]
name = "shell-words"
version = "1.1.0"
source = "registry+https://github.com/rust-lang/crates.io-index"
checksum = "24188a676b6ae68c3b2cb3a01be17fbf7240ce009799bb56d5b1409051e78fde"

[[package]]
name = "simplelog"
version = "0.12.1"
source = "registry+https://github.com/rust-lang/crates.io-index"
checksum = "acee08041c5de3d5048c8b3f6f13fafb3026b24ba43c6a695a0c76179b844369"
dependencies = [
 "log",
 "termcolor",
 "time",
]

[[package]]
name = "supports-color"
version = "2.1.0"
source = "registry+https://github.com/rust-lang/crates.io-index"
checksum = "d6398cde53adc3c4557306a96ce67b302968513830a77a95b2b17305d9719a89"
dependencies = [
 "is-terminal",
 "is_ci",
]

[[package]]
name = "syn"
version = "2.0.48"
source = "registry+https://github.com/rust-lang/crates.io-index"
checksum = "0f3531638e407dfc0814761abb7c00a5b54992b849452a0646b7f65c9f770f3f"
dependencies = [
 "proc-macro2",
 "quote",
 "unicode-ident",
]

[[package]]
name = "tempfile"
version = "3.9.0"
source = "registry+https://github.com/rust-lang/crates.io-index"
checksum = "01ce4141aa927a6d1bd34a041795abd0db1cccba5d5f24b009f694bdf3a1f3fa"
dependencies = [
 "cfg-if",
 "fastrand",
 "redox_syscall",
 "rustix",
 "windows-sys",
]

[[package]]
name = "termcolor"
version = "1.1.3"
source = "registry+https://github.com/rust-lang/crates.io-index"
checksum = "bab24d30b911b2376f3a13cc2cd443142f0c81dda04c118693e35b3835757755"
dependencies = [
 "winapi-util",
]

[[package]]
name = "thiserror"
version = "1.0.56"
source = "registry+https://github.com/rust-lang/crates.io-index"
checksum = "d54378c645627613241d077a3a79db965db602882668f9136ac42af9ecb730ad"
dependencies = [
 "thiserror-impl",
]

[[package]]
name = "thiserror-impl"
version = "1.0.56"
source = "registry+https://github.com/rust-lang/crates.io-index"
checksum = "fa0faa943b50f3db30a20aa7e265dbc66076993efed8463e8de414e5d06d3471"
dependencies = [
 "proc-macro2",
 "quote",
 "syn",
]

[[package]]
name = "time"
version = "0.3.34"
source = "registry+https://github.com/rust-lang/crates.io-index"
checksum = "c8248b6521bb14bc45b4067159b9b6ad792e2d6d754d6c41fb50e29fefe38749"
dependencies = [
 "deranged",
 "itoa",
 "libc",
 "num-conv",
 "num_threads",
 "powerfmt",
 "serde",
 "time-core",
 "time-macros",
]

[[package]]
name = "time-core"
version = "0.1.2"
source = "registry+https://github.com/rust-lang/crates.io-index"
checksum = "ef927ca75afb808a4d64dd374f00a2adf8d0fcff8e7b184af886c3c87ec4a3f3"

[[package]]
name = "time-macros"
version = "0.2.17"
source = "registry+https://github.com/rust-lang/crates.io-index"
checksum = "7ba3a3ef41e6672a2f0f001392bb5dcd3ff0a9992d618ca761a11c3121547774"
dependencies = [
 "num-conv",
 "time-core",
]

[[package]]
name = "unicase"
version = "2.7.0"
source = "registry+https://github.com/rust-lang/crates.io-index"
checksum = "f7d2d4dafb69621809a81864c9c1b864479e1235c0dd4e199924b9742439ed89"
dependencies = [
 "version_check",
]

[[package]]
name = "unicode-ident"
version = "1.0.12"
source = "registry+https://github.com/rust-lang/crates.io-index"
checksum = "3354b9ac3fae1ff6755cb6db53683adb661634f67557942dea4facebec0fee4b"

[[package]]
name = "unicode-width"
version = "0.1.11"
source = "registry+https://github.com/rust-lang/crates.io-index"
checksum = "e51733f11c9c4f72aa0c160008246859e340b00807569a0da0e7a1079b27ba85"

[[package]]
name = "version_check"
version = "0.9.4"
source = "registry+https://github.com/rust-lang/crates.io-index"
checksum = "49874b5167b65d7193b8aba1567f5c7d93d001cafc34600cee003eda787e483f"

[[package]]
name = "winapi"
version = "0.3.9"
source = "registry+https://github.com/rust-lang/crates.io-index"
checksum = "5c839a674fcd7a98952e593242ea400abe93992746761e38641405d28b00f419"
dependencies = [
 "winapi-i686-pc-windows-gnu",
 "winapi-x86_64-pc-windows-gnu",
]

[[package]]
name = "winapi-i686-pc-windows-gnu"
version = "0.4.0"
source = "registry+https://github.com/rust-lang/crates.io-index"
checksum = "ac3b87c63620426dd9b991e5ce0329eff545bccbbb34f3be09ff6fb6ab51b7b6"

[[package]]
name = "winapi-util"
version = "0.1.6"
source = "registry+https://github.com/rust-lang/crates.io-index"
checksum = "f29e6f9198ba0d26b4c9f07dbe6f9ed633e1f3d5b8b414090084349e46a52596"
dependencies = [
 "winapi",
]

[[package]]
name = "winapi-x86_64-pc-windows-gnu"
version = "0.4.0"
source = "registry+https://github.com/rust-lang/crates.io-index"
checksum = "712e227841d057c1ee1cd2fb22fa7e5a5461ae8e48fa2ca79ec42cfc1931183f"

[[package]]
name = "windows-sys"
version = "0.52.0"
source = "registry+https://github.com/rust-lang/crates.io-index"
checksum = "282be5f36a8ce781fad8c8ae18fa3f9beff57ec1b52cb3de0789201425d9a33d"
dependencies = [
 "windows-targets",
]

[[package]]
name = "windows-targets"
version = "0.52.0"
source = "registry+https://github.com/rust-lang/crates.io-index"
checksum = "8a18201040b24831fbb9e4eb208f8892e1f50a37feb53cc7ff887feb8f50e7cd"
dependencies = [
 "windows_aarch64_gnullvm",
 "windows_aarch64_msvc",
 "windows_i686_gnu",
 "windows_i686_msvc",
 "windows_x86_64_gnu",
 "windows_x86_64_gnullvm",
 "windows_x86_64_msvc",
]

[[package]]
name = "windows_aarch64_gnullvm"
version = "0.52.0"
source = "registry+https://github.com/rust-lang/crates.io-index"
checksum = "cb7764e35d4db8a7921e09562a0304bf2f93e0a51bfccee0bd0bb0b666b015ea"

[[package]]
name = "windows_aarch64_msvc"
version = "0.52.0"
source = "registry+https://github.com/rust-lang/crates.io-index"
checksum = "bbaa0368d4f1d2aaefc55b6fcfee13f41544ddf36801e793edbbfd7d7df075ef"

[[package]]
name = "windows_i686_gnu"
version = "0.52.0"
source = "registry+https://github.com/rust-lang/crates.io-index"
checksum = "a28637cb1fa3560a16915793afb20081aba2c92ee8af57b4d5f28e4b3e7df313"

[[package]]
name = "windows_i686_msvc"
version = "0.52.0"
source = "registry+https://github.com/rust-lang/crates.io-index"
checksum = "ffe5e8e31046ce6230cc7215707b816e339ff4d4d67c65dffa206fd0f7aa7b9a"

[[package]]
name = "windows_x86_64_gnu"
version = "0.52.0"
source = "registry+https://github.com/rust-lang/crates.io-index"
checksum = "3d6fa32db2bc4a2f5abeacf2b69f7992cd09dca97498da74a151a3132c26befd"

[[package]]
name = "windows_x86_64_gnullvm"
version = "0.52.0"
source = "registry+https://github.com/rust-lang/crates.io-index"
checksum = "1a657e1e9d3f514745a572a6846d3c7aa7dbe1658c056ed9c3344c4109a6949e"

[[package]]
name = "windows_x86_64_msvc"
version = "0.52.0"
source = "registry+https://github.com/rust-lang/crates.io-index"
checksum = "dff9641d1cd4be8d1a070daf9e3773c5f67e78b4d9d42263020c057706765c04"

[[package]]
name = "zeroize"
version = "1.7.0"
source = "registry+https://github.com/rust-lang/crates.io-index"
checksum = "525b4ec142c6b68a2d10f01f7bbf6755599ca3f81ea53b8431b7dd348f5fdb2d"
